
Microsoft Visual Studio Solution File, Format Version 12.00
# Visual Studio Version 17
VisualStudioVersion = 17.13.35806.99
MinimumVisualStudioVersion = 10.0.40219.1
Project("{FAE04EC0-301F-11D3-BF4B-00C04F79EFBC}") = "PodDesignPlugin", "PodDesignPlugin.csproj", "{89680D66-D993-DF38-2605-E7C7D887D042}"
EndProject
Global
	GlobalSection(SolutionConfigurationPlatforms) = preSolution
		Debug|Any CPU = Debug|Any CPU
		Release|Any CPU = Release|Any CPU
	EndGlobalSection
	GlobalSection(ProjectConfigurationPlatforms) = postSolution
		{89680D66-D993-DF38-2605-E7C7D887D042}.Debug|Any CPU.ActiveCfg = Debug|Any CPU
		{89680D66-D993-DF38-2605-E7C7D887D042}.Debug|Any CPU.Build.0 = Debug|Any CPU
		{89680D66-D993-DF38-2605-E7C7D887D042}.Release|Any CPU.ActiveCfg = Release|Any CPU
		{89680D66-D993-DF38-2605-E7C7D887D042}.Release|Any CPU.Build.0 = Release|Any CPU
	EndGlobalSection
	GlobalSection(SolutionProperties) = preSolution
		HideSolutionNode = FALSE
	EndGlobalSection
	GlobalSection(ExtensibilityGlobals) = postSolution
		SolutionGuid = {46DD7072-9364-4BF8-B7D9-725C13DCDA56}
	EndGlobalSection
EndGlobal
